# generated by rye
# use `rye lock` or `rye sync` to update this lockfile
#
# last locked with the following flags:
#   pre: false
#   features: []
#   all-features: false
#   with-sources: false

-e file:.
click==8.1.7
    # via hyprshade
coverage==7.4.4
editables==0.5
    # via hatchling
hatchling==1.21.1
iniconfig==2.0.0
    # via pytest
more-itertools==10.2.0
    # via hyprshade
mypy==1.9.0
mypy-extensions==1.0.0
    # via mypy
packaging==24.0
    # via hatchling
    # via pytest
pathspec==0.12.1
    # via hatchling
pluggy==1.4.0
    # via hatchling
    # via pytest
pytest==8.1.1
ruff==0.3.2
trove-classifiers==2024.3.3
    # via hatchling
typing-extensions==4.10.0
    # via mypy
pip==24.0
