# generated by rye
# use `rye lock` or `rye sync` to update this lockfile
#
# last locked with the following flags:
#   pre: false
#   features: []
#   all-features: false
#   with-sources: false

-e file:.
chevron==0.14.0
    # via hyprshade
click==8.1.7
    # via hyprshade
coverage==7.4.4
freezegun==1.4.0
hatchling==1.22.5
iniconfig==2.0.0
    # via pytest
more-itertools==10.2.0
    # via hyprshade
mypy==1.9.0
mypy-extensions==1.0.0
    # via mypy
packaging==24.0
    # via hatchling
    # via pytest
pathspec==0.12.1
    # via hatchling
pluggy==1.4.0
    # via hatchling
    # via pytest
pytest==8.1.1
python-dateutil==2.9.0.post0
    # via freezegun
ruff==0.3.5
six==1.16.0
    # via python-dateutil
tomlkit==0.12.4
trove-classifiers==2024.3.25
    # via hatchling
typing-extensions==4.11.0
    # via mypy
pip==24.0
